
Microsoft Visual Studio Solution File, Format Version 12.00
# Visual Studio Version 17
VisualStudioVersion = 17.11.35327.3
MinimumVisualStudioVersion = 10.0.40219.1
Project("{FAE04EC0-301F-11D3-BF4B-00C04F79EFBC}") = "Sistema-de-Gerenciamento-de-Consultas", "Sistema-de-Gerenciamento-de-Consultas\Sistema-de-Gerenciamento-de-Consultas.csproj", "{ED06111C-8C96-4BB0-AFCB-FF271E14DDFE}"
EndProject
Global
	GlobalSection(SolutionConfigurationPlatforms) = preSolution
		Debug|Any CPU = Debug|Any CPU
		Release|Any CPU = Release|Any CPU
	EndGlobalSection
	GlobalSection(ProjectConfigurationPlatforms) = postSolution
		{ED06111C-8C96-4BB0-AFCB-FF271E14DDFE}.Debug|Any CPU.ActiveCfg = Debug|Any CPU
		{ED06111C-8C96-4BB0-AFCB-FF271E14DDFE}.Debug|Any CPU.Build.0 = Debug|Any CPU
		{ED06111C-8C96-4BB0-AFCB-FF271E14DDFE}.Release|Any CPU.ActiveCfg = Release|Any CPU
		{ED06111C-8C96-4BB0-AFCB-FF271E14DDFE}.Release|Any CPU.Build.0 = Release|Any CPU
	EndGlobalSection
	GlobalSection(SolutionProperties) = preSolution
		HideSolutionNode = FALSE
	EndGlobalSection
	GlobalSection(ExtensibilityGlobals) = postSolution
		SolutionGuid = {1AA2F5F0-DCAF-436D-99D6-CF3CA760CF94}
	EndGlobalSection
EndGlobal
